PODS:
  - alipay_kit_ios (6.0.1):
    - alipay_kit_ios/utdid (= 6.0.1)
    - alipay_kit_ios/vendor (= 6.0.1)
    - Flutter
  - alipay_kit_ios/utdid (6.0.1):
    - Flutter
  - alipay_kit_ios/vendor (6.0.1):
    - Flutter
  - app_settings (5.1.1):
    - Flutter
  - app_tracking_transparency (0.0.1):
    - Flutter
  - audio_session (0.0.1):
    - Flutter
  - audioplayers_darwin (0.0.1):
    - Flutter
  - connectivity_plus (0.0.1):
    - Flutter
    - ReachabilitySwift
  - device_info_plus (0.0.1):
    - Flutter
  - emoji_picker_flutter (0.0.1):
    - Flutter
  - Flutter (1.0.0)
  - flutter_image_compress_common (1.0.0):
    - Flutter
    - Mantle
    - SDWebImage
    - SDWebImageWebPCoder
  - flutter_inappwebview_ios (0.0.1):
    - Flutter
    - flutter_inappwebview_ios/Core (= 0.0.1)
    - OrderedSet (~> 5.0)
  - flutter_inappwebview_ios/Core (0.0.1):
    - Flutter
    - OrderedSet (~> 5.0)
  - flutter_local_notifications (0.0.1):
    - Flutter
  - flutter_sound (9.2.13):
    - Flutter
    - flutter_sound_core (= 9.2.13)
  - flutter_sound_core (9.2.13)
  - flutter_timezone (0.0.1):
    - Flutter
  - fluttertoast (0.0.2):
    - Flutter
    - Toast
  - image_cropper (0.0.4):
    - Flutter
    - TOCropViewController (~> 2.6.1)
  - image_gallery_saver (2.0.2):
    - Flutter
  - image_picker_ios (0.0.1):
    - Flutter
  - in_app_purchase_storekit (0.0.1):
    - Flutter
    - FlutterMacOS
  - just_audio (0.0.1):
    - Flutter
  - libOpenInstallSDK (2.8.3)
  - libwebp (1.3.2):
    - libwebp/demux (= 1.3.2)
    - libwebp/mux (= 1.3.2)
    - libwebp/sharpyuv (= 1.3.2)
    - libwebp/webp (= 1.3.2)
  - libwebp/demux (1.3.2):
    - libwebp/webp
  - libwebp/mux (1.3.2):
    - libwebp/demux
  - libwebp/sharpyuv (1.3.2)
  - libwebp/webp (1.3.2):
    - libwebp/sharpyuv
  - Mantle (2.2.0):
    - Mantle/extobjc (= 2.2.0)
  - Mantle/extobjc (2.2.0)
  - NTESBaseComponent (1.9)
  - NTESQuickPass (3.5.3):
    - NTESBaseComponent
  - openinstall_flutter_plugin (0.0.1):
    - Flutter
    - libOpenInstallSDK
  - OrderedSet (5.0.0)
  - package_info_plus (0.4.5):
    - Flutter
  - pasteboard (0.0.1):
    - Flutter
  - path_provider_foundation (0.0.1):
    - Flutter
    - FlutterMacOS
  - permission_handler_apple (9.3.0):
    - Flutter
  - quickpass_yidun_flutter (0.0.1):
    - Flutter
    - NTESQuickPass (= 3.5.3)
  - ReachabilitySwift (5.2.2)
  - SDWebImage (5.19.1):
    - SDWebImage/Core (= 5.19.1)
  - SDWebImage/Core (5.19.1)
  - SDWebImageWebPCoder (0.14.6):
    - libwebp (~> 1.0)
    - SDWebImage/Core (~> 5.17)
  - sensors_plus (0.0.1):
    - Flutter
  - share_plus (0.0.1):
    - Flutter
  - shared_preferences_foundation (0.0.1):
    - Flutter
    - FlutterMacOS
  - sqflite (0.0.3):
    - Flutter
    - FlutterMacOS
  - Toast (4.1.1)
  - TOCropViewController (2.6.1)
  - trackingio_flutter_plugin (1.9.17):
    - Flutter
  - url_launcher_ios (0.0.1):
    - Flutter
  - vibration (1.7.5):
    - Flutter
  - video_compress (0.3.0):
    - Flutter
  - video_player_avfoundation (0.0.1):
    - Flutter
    - FlutterMacOS
  - video_thumbnail (0.0.1):
    - Flutter
    - libwebp
  - wakelock_plus (0.0.1):
    - Flutter
  - wechat_kit (6.0.1):
    - Flutter
    - wechat_kit/pay (= 6.0.1)
    - wechat_kit/vendor (= 6.0.1)
  - wechat_kit/pay (6.0.1):
    - Flutter
  - wechat_kit/vendor (6.0.1):
    - Flutter
  - zego_effects_plugin (0.0.1):
    - Flutter
    - ZegoEffects
  - zego_express_engine (3.13.3):
    - Flutter
  - zego_zim (2.15.0):
    - Flutter
    - ZIM-Private (= 2.15.2.2616)
  - zego_zpns (2.6.0):
    - Flutter
    - ZPNs (= 2.6.0)
  - ZegoEffects (1.4.13)
  - ZIM-Private (2.15.2.2616)
  - ZPNs (2.6.0)
  - zyg_open_ai_plugin (0.0.1):
    - Flutter
  - zyg_sqflite_plugin (0.0.1):
    - Flutter

DEPENDENCIES:
  - alipay_kit_ios (from `.symlinks/plugins/alipay_kit_ios/ios`)
  - app_settings (from `.symlinks/plugins/app_settings/ios`)
  - app_tracking_transparency (from `.symlinks/plugins/app_tracking_transparency/ios`)
  - audio_session (from `.symlinks/plugins/audio_session/ios`)
  - audioplayers_darwin (from `.symlinks/plugins/audioplayers_darwin/ios`)
  - connectivity_plus (from `.symlinks/plugins/connectivity_plus/ios`)
  - device_info_plus (from `.symlinks/plugins/device_info_plus/ios`)
  - emoji_picker_flutter (from `.symlinks/plugins/emoji_picker_flutter/ios`)
  - Flutter (from `Flutter`)
  - flutter_image_compress_common (from `.symlinks/plugins/flutter_image_compress_common/ios`)
  - flutter_inappwebview_ios (from `.symlinks/plugins/flutter_inappwebview_ios/ios`)
  - flutter_local_notifications (from `.symlinks/plugins/flutter_local_notifications/ios`)
  - flutter_sound (from `.symlinks/plugins/flutter_sound/ios`)
  - flutter_timezone (from `.symlinks/plugins/flutter_timezone/ios`)
  - fluttertoast (from `.symlinks/plugins/fluttertoast/ios`)
  - image_cropper (from `.symlinks/plugins/image_cropper/ios`)
  - image_gallery_saver (from `.symlinks/plugins/image_gallery_saver/ios`)
  - image_picker_ios (from `.symlinks/plugins/image_picker_ios/ios`)
  - in_app_purchase_storekit (from `.symlinks/plugins/in_app_purchase_storekit/darwin`)
  - just_audio (from `.symlinks/plugins/just_audio/ios`)
  - openinstall_flutter_plugin (from `.symlinks/plugins/openinstall_flutter_plugin/ios`)
  - package_info_plus (from `.symlinks/plugins/package_info_plus/ios`)
  - pasteboard (from `.symlinks/plugins/pasteboard/ios`)
  - path_provider_foundation (from `.symlinks/plugins/path_provider_foundation/darwin`)
  - permission_handler_apple (from `.symlinks/plugins/permission_handler_apple/ios`)
  - quickpass_yidun_flutter (from `.symlinks/plugins/quickpass_yidun_flutter/ios`)
  - sensors_plus (from `.symlinks/plugins/sensors_plus/ios`)
  - share_plus (from `.symlinks/plugins/share_plus/ios`)
  - shared_preferences_foundation (from `.symlinks/plugins/shared_preferences_foundation/darwin`)
  - sqflite (from `.symlinks/plugins/sqflite/darwin`)
  - trackingio_flutter_plugin (from `.symlinks/plugins/trackingio_flutter_plugin/ios`)
  - url_launcher_ios (from `.symlinks/plugins/url_launcher_ios/ios`)
  - vibration (from `.symlinks/plugins/vibration/ios`)
  - video_compress (from `.symlinks/plugins/video_compress/ios`)
  - video_player_avfoundation (from `.symlinks/plugins/video_player_avfoundation/darwin`)
  - video_thumbnail (from `.symlinks/plugins/video_thumbnail/ios`)
  - wakelock_plus (from `.symlinks/plugins/wakelock_plus/ios`)
  - wechat_kit (from `.symlinks/plugins/wechat_kit/ios`)
  - zego_effects_plugin (from `.symlinks/plugins/zego_effects_plugin/ios`)
  - zego_express_engine (from `.symlinks/plugins/zego_express_engine/ios`)
  - zego_zim (from `.symlinks/plugins/zego_zim/ios`)
  - zego_zpns (from `.symlinks/plugins/zego_zpns/ios`)
  - zyg_open_ai_plugin (from `.symlinks/plugins/zyg_open_ai_plugin/ios`)
  - zyg_sqflite_plugin (from `.symlinks/plugins/zyg_sqflite_plugin/ios`)

SPEC REPOS:
  trunk:
    - flutter_sound_core
    - libOpenInstallSDK
    - libwebp
    - Mantle
    - NTESBaseComponent
    - NTESQuickPass
    - OrderedSet
    - ReachabilitySwift
    - SDWebImage
    - SDWebImageWebPCoder
    - Toast
    - TOCropViewController
    - ZegoEffects
    - ZIM-Private
    - ZPNs

EXTERNAL SOURCES:
  alipay_kit_ios:
    :path: ".symlinks/plugins/alipay_kit_ios/ios"
  app_settings:
    :path: ".symlinks/plugins/app_settings/ios"
  app_tracking_transparency:
    :path: ".symlinks/plugins/app_tracking_transparency/ios"
  audio_session:
    :path: ".symlinks/plugins/audio_session/ios"
  audioplayers_darwin:
    :path: ".symlinks/plugins/audioplayers_darwin/ios"
  connectivity_plus:
    :path: ".symlinks/plugins/connectivity_plus/ios"
  device_info_plus:
    :path: ".symlinks/plugins/device_info_plus/ios"
  emoji_picker_flutter:
    :path: ".symlinks/plugins/emoji_picker_flutter/ios"
  Flutter:
    :path: Flutter
  flutter_image_compress_common:
    :path: ".symlinks/plugins/flutter_image_compress_common/ios"
  flutter_inappwebview_ios:
    :path: ".symlinks/plugins/flutter_inappwebview_ios/ios"
  flutter_local_notifications:
    :path: ".symlinks/plugins/flutter_local_notifications/ios"
  flutter_sound:
    :path: ".symlinks/plugins/flutter_sound/ios"
  flutter_timezone:
    :path: ".symlinks/plugins/flutter_timezone/ios"
  fluttertoast:
    :path: ".symlinks/plugins/fluttertoast/ios"
  image_cropper:
    :path: ".symlinks/plugins/image_cropper/ios"
  image_gallery_saver:
    :path: ".symlinks/plugins/image_gallery_saver/ios"
  image_picker_ios:
    :path: ".symlinks/plugins/image_picker_ios/ios"
  in_app_purchase_storekit:
    :path: ".symlinks/plugins/in_app_purchase_storekit/darwin"
  just_audio:
    :path: ".symlinks/plugins/just_audio/ios"
  openinstall_flutter_plugin:
    :path: ".symlinks/plugins/openinstall_flutter_plugin/ios"
  package_info_plus:
    :path: ".symlinks/plugins/package_info_plus/ios"
  pasteboard:
    :path: ".symlinks/plugins/pasteboard/ios"
  path_provider_foundation:
    :path: ".symlinks/plugins/path_provider_foundation/darwin"
  permission_handler_apple:
    :path: ".symlinks/plugins/permission_handler_apple/ios"
  quickpass_yidun_flutter:
    :path: ".symlinks/plugins/quickpass_yidun_flutter/ios"
  sensors_plus:
    :path: ".symlinks/plugins/sensors_plus/ios"
  share_plus:
    :path: ".symlinks/plugins/share_plus/ios"
  shared_preferences_foundation:
    :path: ".symlinks/plugins/shared_preferences_foundation/darwin"
  sqflite:
    :path: ".symlinks/plugins/sqflite/darwin"
  trackingio_flutter_plugin:
    :path: ".symlinks/plugins/trackingio_flutter_plugin/ios"
  url_launcher_ios:
    :path: ".symlinks/plugins/url_launcher_ios/ios"
  vibration:
    :path: ".symlinks/plugins/vibration/ios"
  video_compress:
    :path: ".symlinks/plugins/video_compress/ios"
  video_player_avfoundation:
    :path: ".symlinks/plugins/video_player_avfoundation/darwin"
  video_thumbnail:
    :path: ".symlinks/plugins/video_thumbnail/ios"
  wakelock_plus:
    :path: ".symlinks/plugins/wakelock_plus/ios"
  wechat_kit:
    :path: ".symlinks/plugins/wechat_kit/ios"
  zego_effects_plugin:
    :path: ".symlinks/plugins/zego_effects_plugin/ios"
  zego_express_engine:
    :path: ".symlinks/plugins/zego_express_engine/ios"
  zego_zim:
    :path: ".symlinks/plugins/zego_zim/ios"
  zego_zpns:
    :path: ".symlinks/plugins/zego_zpns/ios"
  zyg_open_ai_plugin:
    :path: ".symlinks/plugins/zyg_open_ai_plugin/ios"
  zyg_sqflite_plugin:
    :path: ".symlinks/plugins/zyg_sqflite_plugin/ios"

SPEC CHECKSUMS:
  alipay_kit_ios: 7fc823adc6a4560c4f31a5b6ab271227cc451f67
  app_settings: 017320c6a680cdc94c799949d95b84cb69389ebc
  app_tracking_transparency: e169b653478da7bb15a6c61209015378ca73e375
  audio_session: 088d2483ebd1dc43f51d253d4a1c517d9a2e7207
  audioplayers_darwin: 877d9a4d06331c5c374595e46e16453ac7eafa40
  connectivity_plus: bf0076dd84a130856aa636df1c71ccaff908fa1d
  device_info_plus: c6fb39579d0f423935b0c9ce7ee2f44b71b9fce6
  emoji_picker_flutter: fe2e6151c5b548e975d546e6eeb567daf0962a58
  Flutter: e0871f40cf51350855a761d2e70bf5af5b9b5de7
  flutter_image_compress_common: ec1d45c362c9d30a3f6a0426c297f47c52007e3e
  flutter_inappwebview_ios: 97215cf7d4677db55df76782dbd2930c5e1c1ea0
  flutter_local_notifications: 4cde75091f6327eb8517fa068a0a5950212d2086
  flutter_sound: c60effa2a350fb977885f0db2fbc4c1ad5160900
  flutter_sound_core: 26c10e5832e76aaacfae252d8925232281c486ae
  flutter_timezone: ffb07bdad3c6276af8dada0f11978d8a1f8a20bb
  fluttertoast: 9f2f8e81bb5ce18facb9748d7855bf5a756fe3db
  image_cropper: a3291c624a953049bc6a02e1f8c8ceb162a24b25
  image_gallery_saver: cb43cc43141711190510e92c460eb1655cd343cb
  image_picker_ios: b545a5f16c0fa88e3ecbbce3ed4de45567a8ec18
  in_app_purchase_storekit: 0e4b3c2e43ba1e1281f4f46dd71b0593ce529892
  just_audio: baa7252489dbcf47a4c7cc9ca663e9661c99aafa
  libOpenInstallSDK: 5c5802d1bb5759d5509b0ce660461c6846b56f7b
  libwebp: 1786c9f4ff8a279e4dac1e8f385004d5fc253009
  Mantle: c5aa8794a29a022dfbbfc9799af95f477a69b62d
  NTESBaseComponent: 6d1fd6802c2340005d35db9daafe15ee6b9b976c
  NTESQuickPass: a41c2618d074d9c9a1b8b9b2aad3f70575b9f85a
  openinstall_flutter_plugin: e6b8486f834eb60b336546442a8b747d4b664cf4
  OrderedSet: aaeb196f7fef5a9edf55d89760da9176ad40b93c
  package_info_plus: 115f4ad11e0698c8c1c5d8a689390df880f47e85
  pasteboard: 982969ebaa7c78af3e6cc7761e8f5e77565d9ce0
  path_provider_foundation: 2b6b4c569c0fb62ec74538f866245ac84301af46
  permission_handler_apple: 9878588469a2b0d0fc1e048d9f43605f92e6cec2
  quickpass_yidun_flutter: 04c06d26ad890758933ce3b9c6c243b587519501
  ReachabilitySwift: 2128f3a8c9107e1ad33574c6e58e8285d460b149
  SDWebImage: 40b0b4053e36c660a764958bff99eed16610acbb
  SDWebImageWebPCoder: e38c0a70396191361d60c092933e22c20d5b1380
  sensors_plus: 42b9de1b8237675fa8d8121e4bb93be0f79fa61d
  share_plus: c3fef564749587fc939ef86ffb283ceac0baf9f5
  shared_preferences_foundation: fcdcbc04712aee1108ac7fda236f363274528f78
  sqflite: 673a0e54cc04b7d6dba8d24fb8095b31c3a99eec
  Toast: 1f5ea13423a1e6674c4abdac5be53587ae481c4e
  TOCropViewController: edfd4f25713d56905ad1e0b9f5be3fbe0f59c863
  trackingio_flutter_plugin: 1c4b824ddd5501ba825bd211907fea1893b819d1
  url_launcher_ios: 6116280ddcfe98ab8820085d8d76ae7449447586
  vibration: 7d883d141656a1c1a6d8d238616b2042a51a1241
  video_compress: fce97e4fb1dfd88175aa07d2ffc8a2f297f87fbe
  video_player_avfoundation: 7c6c11d8470e1675df7397027218274b6d2360b3
  video_thumbnail: c4e2a3c539e247d4de13cd545344fd2d26ffafd1
  wakelock_plus: 8b09852c8876491e4b6d179e17dfe2a0b5f60d47
  wechat_kit: adf5c6cda47789e63e51c6c194df9f2a85e87455
  zego_effects_plugin: 65e7890846ef6fdde981ffb795f1ac7515a4ced2
  zego_express_engine: 939d6a47b2138eb9d6adfbaa93fbb3f75821ff0d
  zego_zim: fd8dd4f47732186f745d3e70fa97da159ea8e89c
  zego_zpns: 282d9f9926ea5dff87efbafae8cf33fdada41f4f
  ZegoEffects: db39de1863dd522b62eb9927b04c8dd770b881a7
  ZIM-Private: 44888271280dddef57d730240fb638b1f69fb0cf
  ZPNs: 73bad0046a74e37315201053f9a0e7ac625d9436
  zyg_open_ai_plugin: d93d1da5232815eefffcc0356b2359769e0ceda3
  zyg_sqflite_plugin: 6cff0880cdfe50701aa668d08cf62717bf437aed

PODFILE CHECKSUM: 26c9f6532a156031d72cdd3873c40dc376d2a8bc

COCOAPODS: 1.15.2
